
Microsoft Visual Studio Solution File, Format Version 12.00
# Visual Studio Version 16
VisualStudioVersion = 16.0.32602.291
MinimumVisualStudioVersion = 10.0.40219.1
Project("{FAE04EC0-301F-11D3-BF4B-00C04F79EFBC}") = "PersonInformation", "PersonInformation\PersonInformation.csproj", "{0021B262-C893-4398-953E-DC23939AF465}"
EndProject
Global
	GlobalSection(SolutionConfigurationPlatforms) = preSolution
		Debug|Any CPU = Debug|Any CPU
		Release|Any CPU = Release|Any CPU
	EndGlobalSection
	GlobalSection(ProjectConfigurationPlatforms) = postSolution
		{0021B262-C893-4398-953E-DC23939AF465}.Debug|Any CPU.ActiveCfg = Debug|Any CPU
		{0021B262-C893-4398-953E-DC23939AF465}.Debug|Any CPU.Build.0 = Debug|Any CPU
		{0021B262-C893-4398-953E-DC23939AF465}.Release|Any CPU.ActiveCfg = Release|Any CPU
		{0021B262-C893-4398-953E-DC23939AF465}.Release|Any CPU.Build.0 = Release|Any CPU
	EndGlobalSection
	GlobalSection(SolutionProperties) = preSolution
		HideSolutionNode = FALSE
	EndGlobalSection
	GlobalSection(ExtensibilityGlobals) = postSolution
		SolutionGuid = {E84531EB-507E-4461-8662-983F0E798788}
	EndGlobalSection
EndGlobal
